// !$*UTF8*$!
{
	archiveVersion = 1;
	classes = {
	};
	objectVersion = 55;
	objects = {

/* Begin PBXBuildFile section */
		620A9B5F285934AB0018440E /* AppDelegate.swift in Sources */ = {isa = PBXBuildFile; fileRef = 620A9B5E285934AB0018440E /* AppDelegate.swift */; };
		620A9B68285934AB0018440E /* Main.storyboard in Resources */ = {isa = PBXBuildFile; fileRef = 620A9B66285934AB0018440E /* Main.storyboard */; };
		620A9B6A285934AC0018440E /* Assets.xcassets in Resources */ = {isa = PBXBuildFile; fileRef = 620A9B69285934AC0018440E /* Assets.xcassets */; };
		620A9B6D285934AC0018440E /* LaunchScreen.storyboard in Resources */ = {isa = PBXBuildFile; fileRef = 620A9B6B285934AC0018440E /* LaunchScreen.storyboard */; };
		620A9B75285936060018440E /* WebViewController.swift in Sources */ = {isa = PBXBuildFile; fileRef = 620A9B74285936060018440E /* WebViewController.swift */; };
		622CD9C7285A343F0062CB67 /* ParsedView.swift in Sources */ = {isa = PBXBuildFile; fileRef = 622CD9C6285A343F0062CB67 /* ParsedView.swift */; };
		622CD9C9285A34BD0062CB67 /* Parser.swift in Sources */ = {isa = PBXBuildFile; fileRef = 622CD9C8285A34BD0062CB67 /* Parser.swift */; };
		622CD9CC285A46490062CB67 /* Filter.swift in Sources */ = {isa = PBXBuildFile; fileRef = 622CD9CB285A46490062CB67 /* Filter.swift */; };
		622CD9CE285A49750062CB67 /* Line.swift in Sources */ = {isa = PBXBuildFile; fileRef = 622CD9CD285A49750062CB67 /* Line.swift */; };
		62BFAC1E285C60030047D997 /* String+HTML.swift in Sources */ = {isa = PBXBuildFile; fileRef = 62BFAC1D285C60030047D997 /* String+HTML.swift */; };
/* End PBXBuildFile section */

/* Begin PBXFileReference section */
		620A9B5B285934AB0018440E /* LogViewer.app */ = {isa = PBXFileReference; explicitFileType = wrapper.application; includeInIndex = 0; path = LogViewer.app; sourceTree = BUILT_PRODUCTS_DIR; };
		620A9B5E285934AB0018440E /* AppDelegate.swift */ = {isa = PBXFileReference; lastKnownFileType = sourcecode.swift; path = AppDelegate.swift; sourceTree = "<group>"; };
		620A9B67285934AB0018440E /* Base */ = {isa = PBXFileReference; lastKnownFileType = file.storyboard; name = Base; path = Base.lproj/Main.storyboard; sourceTree = "<group>"; };
		620A9B69285934AC0018440E /* Assets.xcassets */ = {isa = PBXFileReference; lastKnownFileType = folder.assetcatalog; path = Assets.xcassets; sourceTree = "<group>"; };
		620A9B6C285934AC0018440E /* Base */ = {isa = PBXFileReference; lastKnownFileType = file.storyboard; name = Base; path = Base.lproj/LaunchScreen.storyboard; sourceTree = "<group>"; };
		620A9B6E285934AC0018440E /* Info.plist */ = {isa = PBXFileReference; lastKnownFileType = text.plist.xml; path = Info.plist; sourceTree = "<group>"; };
		620A9B74285936060018440E /* WebViewController.swift */ = {isa = PBXFileReference; lastKnownFileType = sourcecode.swift; path = WebViewController.swift; sourceTree = "<group>"; };
		622CD9C6285A343F0062CB67 /* ParsedView.swift */ = {isa = PBXFileReference; lastKnownFileType = sourcecode.swift; path = ParsedView.swift; sourceTree = "<group>"; };
		622CD9C8285A34BD0062CB67 /* Parser.swift */ = {isa = PBXFileReference; lastKnownFileType = sourcecode.swift; path = Parser.swift; sourceTree = "<group>"; };
		622CD9CB285A46490062CB67 /* Filter.swift */ = {isa = PBXFileReference; lastKnownFileType = sourcecode.swift; path = Filter.swift; sourceTree = "<group>"; };
		622CD9CD285A49750062CB67 /* Line.swift */ = {isa = PBXFileReference; lastKnownFileType = sourcecode.swift; path = Line.swift; sourceTree = "<group>"; };
		62BFAC1D285C60030047D997 /* String+HTML.swift */ = {isa = PBXFileReference; fileEncoding = 4; lastKnownFileType = sourcecode.swift; path = "String+HTML.swift"; sourceTree = "<group>"; };
/* End PBXFileReference section */

/* Begin PBXFrameworksBuildPhase section */
		620A9B58285934AB0018440E /* Frameworks */ = {
			isa = PBXFrameworksBuildPhase;
			buildActionMask = 2147483647;
			files = (
			);
			runOnlyForDeploymentPostprocessing = 0;
		};
/* End PBXFrameworksBuildPhase section */

/* Begin PBXGroup section */
		620A9B52285934AB0018440E = {
			isa = PBXGroup;
			children = (
				620A9B5D285934AB0018440E /* LogViewer */,
				620A9B5C285934AB0018440E /* Products */,
			);
			sourceTree = "<group>";
		};
		620A9B5C285934AB0018440E /* Products */ = {
			isa = PBXGroup;
			children = (
				620A9B5B285934AB0018440E /* LogViewer.app */,
			);
			name = Products;
			sourceTree = "<group>";
		};
		620A9B5D285934AB0018440E /* LogViewer */ = {
			isa = PBXGroup;
			children = (
				620A9B5E285934AB0018440E /* AppDelegate.swift */,
				620A9B74285936060018440E /* WebViewController.swift */,
				622CD9C6285A343F0062CB67 /* ParsedView.swift */,
				622CD9CA285A463F0062CB67 /* Parser */,
				620A9B66285934AB0018440E /* Main.storyboard */,
				620A9B69285934AC0018440E /* Assets.xcassets */,
				620A9B6B285934AC0018440E /* LaunchScreen.storyboard */,
				620A9B6E285934AC0018440E /* Info.plist */,
			);
			path = LogViewer;
			sourceTree = "<group>";
		};
		622CD9CA285A463F0062CB67 /* Parser */ = {
			isa = PBXGroup;
			children = (
				622CD9C8285A34BD0062CB67 /* Parser.swift */,
				622CD9CB285A46490062CB67 /* Filter.swift */,
				622CD9CD285A49750062CB67 /* Line.swift */,
				62BFAC1D285C60030047D997 /* String+HTML.swift */,
			);
			path = Parser;
			sourceTree = "<group>";
		};
/* End PBXGroup section */

/* Begin PBXNativeTarget section */
		620A9B5A285934AB0018440E /* LogViewer */ = {
			isa = PBXNativeTarget;
			buildConfigurationList = 620A9B71285934AC0018440E /* Build configuration list for PBXNativeTarget "LogViewer" */;
			buildPhases = (
				620A9B57285934AB0018440E /* Sources */,
				626C8D47285B9EF700C107E4 /* Check TODO, FIXME & XXX */,
				620A9B58285934AB0018440E /* Frameworks */,
				620A9B59285934AB0018440E /* Resources */,
			);
			buildRules = (
			);
			dependencies = (
			);
			name = LogViewer;
			productName = LogViewer;
			productReference = 620A9B5B285934AB0018440E /* LogViewer.app */;
			productType = "com.apple.product-type.application";
		};
/* End PBXNativeTarget section */

/* Begin PBXProject section */
		620A9B53285934AB0018440E /* Project object */ = {
			isa = PBXProject;
			attributes = {
				BuildIndependentTargetsInParallel = 1;
				LastSwiftUpdateCheck = 1330;
				LastUpgradeCheck = 1330;
				TargetAttributes = {
					620A9B5A285934AB0018440E = {
						CreatedOnToolsVersion = 13.3;
					};
				};
			};
			buildConfigurationList = 620A9B56285934AB0018440E /* Build configuration list for PBXProject "LogViewer" */;
			compatibilityVersion = "Xcode 13.0";
			developmentRegion = en;
			hasScannedForEncodings = 0;
			knownRegions = (
				en,
				Base,
			);
			mainGroup = 620A9B52285934AB0018440E;
			productRefGroup = 620A9B5C285934AB0018440E /* Products */;
			projectDirPath = "";
			projectRoot = "";
			targets = (
				620A9B5A285934AB0018440E /* LogViewer */,
			);
		};
/* End PBXProject section */

/* Begin PBXResourcesBuildPhase section */
		620A9B59285934AB0018440E /* Resources */ = {
			isa = PBXResourcesBuildPhase;
			buildActionMask = 2147483647;
			files = (
				620A9B6D285934AC0018440E /* LaunchScreen.storyboard in Resources */,
				620A9B6A285934AC0018440E /* Assets.xcassets in Resources */,
				620A9B68285934AB0018440E /* Main.storyboard in Resources */,
			);
			runOnlyForDeploymentPostprocessing = 0;
		};
/* End PBXResourcesBuildPhase section */

/* Begin PBXShellScriptBuildPhase section */
		626C8D47285B9EF700C107E4 /* Check TODO, FIXME & XXX */ = {
			isa = PBXShellScriptBuildPhase;
			buildActionMask = 2147483647;
			files = (
			);
			inputFileListPaths = (
			);
			inputPaths = (
			);
			name = "Check TODO, FIXME & XXX";
			outputFileListPaths = (
			);
			outputPaths = (
			);
			runOnlyForDeploymentPostprocessing = 0;
			shellPath = /bin/sh;
			shellScript = "KEYWORDS=\"TODO:|FIXME:|XXX:|\\?\\?\\?:|\\!\\!\\!:\"\nfind \"${SRCROOT}\" \\( -name \"*.h\" -or -name \"*.m\" -or -name \"*.swift\" \\) -print0 | xargs -0 egrep --with-filename --line-number --only-matching \"($KEYWORDS).*\\$\" | perl -p -e \"s/($KEYWORDS)/ warning: \\$1/\"\n";
		};
/* End PBXShellScriptBuildPhase section */

/* Begin PBXSourcesBuildPhase section */
		620A9B57285934AB0018440E /* Sources */ = {
			isa = PBXSourcesBuildPhase;
			buildActionMask = 2147483647;
			files = (
				622CD9C9285A34BD0062CB67 /* Parser.swift in Sources */,
				622CD9CC285A46490062CB67 /* Filter.swift in Sources */,
				622CD9C7285A343F0062CB67 /* ParsedView.swift in Sources */,
				620A9B75285936060018440E /* WebViewController.swift in Sources */,
				62BFAC1E285C60030047D997 /* String+HTML.swift in Sources */,
				620A9B5F285934AB0018440E /* AppDelegate.swift in Sources */,
				622CD9CE285A49750062CB67 /* Line.swift in Sources */,
			);
			runOnlyForDeploymentPostprocessing = 0;
		};
/* End PBXSourcesBuildPhase section */

/* Begin PBXVariantGroup section */
		620A9B66285934AB0018440E /* Main.storyboard */ = {
			isa = PBXVariantGroup;
			children = (
				620A9B67285934AB0018440E /* Base */,
			);
			name = Main.storyboard;
			sourceTree = "<group>";
		};
		620A9B6B285934AC0018440E /* LaunchScreen.storyboard */ = {
			isa = PBXVariantGroup;
			children = (
				620A9B6C285934AC0018440E /* Base */,
			);
			name = LaunchScreen.storyboard;
			sourceTree = "<group>";
		};
/* End PBXVariantGroup section */

/* Begin XCBuildConfiguration section */
		620A9B6F285934AC0018440E /* Debug */ = {
			isa = XCBuildConfiguration;
			buildSettings = {
				ALWAYS_SEARCH_USER_PATHS = NO;
				CLANG_ANALYZER_NONNULL = YES;
				CLANG_ANALYZER_NUMBER_OBJECT_CONVERSION = YES_AGGRESSIVE;
				CLANG_CXX_LANGUAGE_STANDARD = "gnu++17";
				CLANG_ENABLE_MODULES = YES;
				CLANG_ENABLE_OBJC_ARC = YES;
				CLANG_ENABLE_OBJC_WEAK = YES;
				CLANG_WARN_BLOCK_CAPTURE_AUTORELEASING = YES;
				CLANG_WARN_BOOL_CONVERSION = YES;
				CLANG_WARN_COMMA = YES;
				CLANG_WARN_CONSTANT_CONVERSION = YES;
				CLANG_WARN_DEPRECATED_OBJC_IMPLEMENTATIONS = YES;
				CLANG_WARN_DIRECT_OBJC_ISA_USAGE = YES_ERROR;
				CLANG_WARN_DOCUMENTATION_COMMENTS = YES;
				CLANG_WARN_EMPTY_BODY = YES;
				CLANG_WARN_ENUM_CONVERSION = YES;
				CLANG_WARN_INFINITE_RECURSION = YES;
				CLANG_WARN_INT_CONVERSION = YES;
				CLANG_WARN_NON_LITERAL_NULL_CONVERSION = YES;
				CLANG_WARN_OBJC_IMPLICIT_RETAIN_SELF = YES;
				CLANG_WARN_OBJC_LITERAL_CONVERSION = YES;
				CLANG_WARN_OBJC_ROOT_CLASS = YES_ERROR;
				CLANG_WARN_QUOTED_INCLUDE_IN_FRAMEWORK_HEADER = YES;
				CLANG_WARN_RANGE_LOOP_ANALYSIS = YES;
				CLANG_WARN_STRICT_PROTOTYPES = YES;
				CLANG_WARN_SUSPICIOUS_MOVE = YES;
				CLANG_WARN_UNGUARDED_AVAILABILITY = YES_AGGRESSIVE;
				CLANG_WARN_UNREACHABLE_CODE = YES;
				CLANG_WARN__DUPLICATE_METHOD_MATCH = YES;
				COPY_PHASE_STRIP = NO;
				DEBUG_INFORMATION_FORMAT = dwarf;
				ENABLE_STRICT_OBJC_MSGSEND = YES;
				ENABLE_TESTABILITY = YES;
				GCC_C_LANGUAGE_STANDARD = gnu11;
				GCC_DYNAMIC_NO_PIC = NO;
				GCC_NO_COMMON_BLOCKS = YES;
				GCC_OPTIMIZATION_LEVEL = 0;
				GCC_PREPROCESSOR_DEFINITIONS = (
					"DEBUG=1",
					"$(inherited)",
				);
				GCC_WARN_64_TO_32_BIT_CONVERSION = YES;
				GCC_WARN_ABOUT_RETURN_TYPE = YES_ERROR;
				GCC_WARN_UNDECLARED_SELECTOR = YES;
				GCC_WARN_UNINITIALIZED_AUTOS = YES_AGGRESSIVE;
				GCC_WARN_UNUSED_FUNCTION = YES;
				GCC_WARN_UNUSED_VARIABLE = YES;
				IPHONEOS_DEPLOYMENT_TARGET = 15.4;
				MTL_ENABLE_DEBUG_INFO = INCLUDE_SOURCE;
				MTL_FAST_MATH = YES;
				ONLY_ACTIVE_ARCH = YES;
				SDKROOT = iphoneos;
				SWIFT_ACTIVE_COMPILATION_CONDITIONS = DEBUG;
				SWIFT_OPTIMIZATION_LEVEL = "-Onone";
			};
			name = Debug;
		};
		620A9B70285934AC0018440E /* Release */ = {
			isa = XCBuildConfiguration;
			buildSettings = {
				ALWAYS_SEARCH_USER_PATHS = NO;
				CLANG_ANALYZER_NONNULL = YES;
				CLANG_ANALYZER_NUMBER_OBJECT_CONVERSION = YES_AGGRESSIVE;
				CLANG_CXX_LANGUAGE_STANDARD = "gnu++17";
				CLANG_ENABLE_MODULES = YES;
				CLANG_ENABLE_OBJC_ARC = YES;
				CLANG_ENABLE_OBJC_WEAK = YES;
				CLANG_WARN_BLOCK_CAPTURE_AUTORELEASING = YES;
				CLANG_WARN_BOOL_CONVERSION = YES;
				CLANG_WARN_COMMA = YES;
				CLANG_WARN_CONSTANT_CONVERSION = YES;
				CLANG_WARN_DEPRECATED_OBJC_IMPLEMENTATIONS = YES;
				CLANG_WARN_DIRECT_OBJC_ISA_USAGE = YES_ERROR;
				CLANG_WARN_DOCUMENTATION_COMMENTS = YES;
				CLANG_WARN_EMPTY_BODY = YES;
				CLANG_WARN_ENUM_CONVERSION = YES;
				CLANG_WARN_INFINITE_RECURSION = YES;
				CLANG_WARN_INT_CONVERSION = YES;
				CLANG_WARN_NON_LITERAL_NULL_CONVERSION = YES;
				CLANG_WARN_OBJC_IMPLICIT_RETAIN_SELF = YES;
				CLANG_WARN_OBJC_LITERAL_CONVERSION = YES;
				CLANG_WARN_OBJC_ROOT_CLASS = YES_ERROR;
				CLANG_WARN_QUOTED_INCLUDE_IN_FRAMEWORK_HEADER = YES;
				CLANG_WARN_RANGE_LOOP_ANALYSIS = YES;
				CLANG_WARN_STRICT_PROTOTYPES = YES;
				CLANG_WARN_SUSPICIOUS_MOVE = YES;
				CLANG_WARN_UNGUARDED_AVAILABILITY = YES_AGGRESSIVE;
				CLANG_WARN_UNREACHABLE_CODE = YES;
				CLANG_WARN__DUPLICATE_METHOD_MATCH = YES;
				COPY_PHASE_STRIP = NO;
				DEBUG_INFORMATION_FORMAT = "dwarf-with-dsym";
				ENABLE_NS_ASSERTIONS = NO;
				ENABLE_STRICT_OBJC_MSGSEND = YES;
				GCC_C_LANGUAGE_STANDARD = gnu11;
				GCC_NO_COMMON_BLOCKS = YES;
				GCC_WARN_64_TO_32_BIT_CONVERSION = YES;
				GCC_WARN_ABOUT_RETURN_TYPE = YES_ERROR;
				GCC_WARN_UNDECLARED_SELECTOR = YES;
				GCC_WARN_UNINITIALIZED_AUTOS = YES_AGGRESSIVE;
				GCC_WARN_UNUSED_FUNCTION = YES;
				GCC_WARN_UNUSED_VARIABLE = YES;
				IPHONEOS_DEPLOYMENT_TARGET = 15.4;
				MTL_ENABLE_DEBUG_INFO = NO;
				MTL_FAST_MATH = YES;
				SDKROOT = iphoneos;
				SWIFT_COMPILATION_MODE = wholemodule;
				SWIFT_OPTIMIZATION_LEVEL = "-O";
				VALIDATE_PRODUCT = YES;
			};
			name = Release;
		};
		620A9B72285934AC0018440E /* Debug */ = {
			isa = XCBuildConfiguration;
			buildSettings = {
				ASSETCATALOG_COMPILER_APPICON_NAME = AppIcon;
				ASSETCATALOG_COMPILER_GLOBAL_ACCENT_COLOR_NAME = AccentColor;
				CODE_SIGN_STYLE = Automatic;
				CURRENT_PROJECT_VERSION = 1;
				DEVELOPMENT_TEAM = WVY7N532MY;
				GENERATE_INFOPLIST_FILE = YES;
				INFOPLIST_FILE = LogViewer/Info.plist;
				INFOPLIST_KEY_CFBundleDisplayName = "Log Viewer";
				INFOPLIST_KEY_UIApplicationSupportsIndirectInputEvents = YES;
				INFOPLIST_KEY_UILaunchStoryboardName = LaunchScreen;
				INFOPLIST_KEY_UIMainStoryboardFile = Main;
				INFOPLIST_KEY_UISupportedInterfaceOrientations_iPad = "UIInterfaceOrientationPortrait UIInterfaceOrientationPortraitUpsideDown UIInterfaceOrientationLandscapeLeft UIInterfaceOrientationLandscapeRight";
				INFOPLIST_KEY_UISupportedInterfaceOrientations_iPhone = "UIInterfaceOrientationPortrait UIInterfaceOrientationLandscapeLeft UIInterfaceOrientationLandscapeRight";
				INFOPLIST_KEY_UISupportsDocumentBrowser = YES;
				LD_RUNPATH_SEARCH_PATHS = (
					"$(inherited)",
					"@executable_path/Frameworks",
				);
				MARKETING_VERSION = 1.0;
				PRODUCT_BUNDLE_IDENTIFIER = com.dappological.LogViewer;
				PRODUCT_NAME = "$(TARGET_NAME)";
				SWIFT_EMIT_LOC_STRINGS = YES;
				SWIFT_VERSION = 5.0;
				TARGETED_DEVICE_FAMILY = "1,2";
			};
			name = Debug;
		};
		620A9B73285934AC0018440E /* Release */ = {
			isa = XCBuildConfiguration;
			buildSettings = {
				ASSETCATALOG_COMPILER_APPICON_NAME = AppIcon;
				ASSETCATALOG_COMPILER_GLOBAL_ACCENT_COLOR_NAME = AccentColor;
				CODE_SIGN_STYLE = Automatic;
				CURRENT_PROJECT_VERSION = 1;
				DEVELOPMENT_TEAM = WVY7N532MY;
				GENERATE_INFOPLIST_FILE = YES;
				INFOPLIST_FILE = LogViewer/Info.plist;
				INFOPLIST_KEY_CFBundleDisplayName = "Log Viewer";
				INFOPLIST_KEY_UIApplicationSupportsIndirectInputEvents = YES;
				INFOPLIST_KEY_UILaunchStoryboardName = LaunchScreen;
				INFOPLIST_KEY_UIMainStoryboardFile = Main;
				INFOPLIST_KEY_UISupportedInterfaceOrientations_iPad = "UIInterfaceOrientationPortrait UIInterfaceOrientationPortraitUpsideDown UIInterfaceOrientationLandscapeLeft UIInterfaceOrientationLandscapeRight";
				INFOPLIST_KEY_UISupportedInterfaceOrientations_iPhone = "UIInterfaceOrientationPortrait UIInterfaceOrientationLandscapeLeft UIInterfaceOrientationLandscapeRight";
				INFOPLIST_KEY_UISupportsDocumentBrowser = YES;
				LD_RUNPATH_SEARCH_PATHS = (
					"$(inherited)",
					"@executable_path/Frameworks",
				);
				MARKETING_VERSION = 1.0;
				PRODUCT_BUNDLE_IDENTIFIER = com.dappological.LogViewer;
				PRODUCT_NAME = "$(TARGET_NAME)";
				SWIFT_EMIT_LOC_STRINGS = YES;
				SWIFT_VERSION = 5.0;
				TARGETED_DEVICE_FAMILY = "1,2";
			};
			name = Release;
		};
/* End XCBuildConfiguration section */

/* Begin XCConfigurationList section */
		620A9B56285934AB0018440E /* Build configuration list for PBXProject "LogViewer" */ = {
			isa = XCConfigurationList;
			buildConfigurations = (
				620A9B6F285934AC0018440E /* Debug */,
				620A9B70285934AC0018440E /* Release */,
			);
			defaultConfigurationIsVisible = 0;
			defaultConfigurationName = Release;
		};
		620A9B71285934AC0018440E /* Build configuration list for PBXNativeTarget "LogViewer" */ = {
			isa = XCConfigurationList;
			buildConfigurations = (
				620A9B72285934AC0018440E /* Debug */,
				620A9B73285934AC0018440E /* Release */,
			);
			defaultConfigurationIsVisible = 0;
			defaultConfigurationName = Release;
		};
/* End XCConfigurationList section */
	};
	rootObject = 620A9B53285934AB0018440E /* Project object */;
}
